
Microsoft Visual Studio Solution File, Format Version 12.00
# Visual Studio Version 17
VisualStudioVersion = 17.2.32630.192
MinimumVisualStudioVersion = 10.0.40219.1
Project("{FAE04EC0-301F-11D3-BF4B-00C04F79EFBC}") = "arrayclass.cs", "arrayclass.cs\arrayclass.cs.csproj", "{98592495-3992-418F-A757-653E0FC26219}"
EndProject
Global
	GlobalSection(SolutionConfigurationPlatforms) = preSolution
		Debug|Any CPU = Debug|Any CPU
		Release|Any CPU = Release|Any CPU
	EndGlobalSection
	GlobalSection(ProjectConfigurationPlatforms) = postSolution
		{98592495-3992-418F-A757-653E0FC26219}.Debug|Any CPU.ActiveCfg = Debug|Any CPU
		{98592495-3992-418F-A757-653E0FC26219}.Debug|Any CPU.Build.0 = Debug|Any CPU
		{98592495-3992-418F-A757-653E0FC26219}.Release|Any CPU.ActiveCfg = Release|Any CPU
		{98592495-3992-418F-A757-653E0FC26219}.Release|Any CPU.Build.0 = Release|Any CPU
	EndGlobalSection
	GlobalSection(SolutionProperties) = preSolution
		HideSolutionNode = FALSE
	EndGlobalSection
	GlobalSection(ExtensibilityGlobals) = postSolution
		SolutionGuid = {3AA461E7-EE4E-433D-9166-10BA727726A4}
	EndGlobalSection
EndGlobal
